
Microsoft Visual Studio Solution File, Format Version 12.00
# Visual Studio 15
VisualStudioVersion = 15.0.27703.2042
MinimumVisualStudioVersion = 10.0.40219.1
Project("{8BC9CEB8-8B4A-11D0-8D11-00A0C91BC942}") = "ElixirEngine", "ElixirEngine\ElixirEngine.vcxproj", "{C691949F-3D6C-4005-A0BB-A46257C87E20}"
EndProject
Project("{8BC9CEB8-8B4A-11D0-8D11-00A0C91BC942}") = "Engine.Serialization", "Engine.Serialization\Engine.Serialization.vcxproj", "{96114179-BF59-4A20-9056-F89607B04834}"
EndProject
Project("{8BC9CEB8-8B4A-11D0-8D11-00A0C91BC942}") = "Engine.Tests", "Engine.Tests\Engine.Tests.vcxproj", "{7DC58D4C-AEB8-4D00-9D26-3C1B29E223CF}"
EndProject
Project("{8BC9CEB8-8B4A-11D0-8D11-00A0C91BC942}") = "Engine.App", "Engine.App\Engine.App.vcxproj", "{C2256A43-A9F6-4F27-8F63-BBCFBED91B6B}"
EndProject
Global
	GlobalSection(SolutionConfigurationPlatforms) = preSolution
		Debug|x64 = Debug|x64
		Debug|x86 = Debug|x86
		Release|x64 = Release|x64
		Release|x86 = Release|x86
	EndGlobalSection
	GlobalSection(ProjectConfigurationPlatforms) = postSolution
		{C691949F-3D6C-4005-A0BB-A46257C87E20}.Debug|x64.ActiveCfg = Debug|x64
		{C691949F-3D6C-4005-A0BB-A46257C87E20}.Debug|x64.Build.0 = Debug|x64
		{C691949F-3D6C-4005-A0BB-A46257C87E20}.Debug|x86.ActiveCfg = Debug|Win32
		{C691949F-3D6C-4005-A0BB-A46257C87E20}.Debug|x86.Build.0 = Debug|Win32
		{C691949F-3D6C-4005-A0BB-A46257C87E20}.Release|x64.ActiveCfg = Release|x64
		{C691949F-3D6C-4005-A0BB-A46257C87E20}.Release|x64.Build.0 = Release|x64
		{C691949F-3D6C-4005-A0BB-A46257C87E20}.Release|x86.ActiveCfg = Release|Win32
		{C691949F-3D6C-4005-A0BB-A46257C87E20}.Release|x86.Build.0 = Release|Win32
		{96114179-BF59-4A20-9056-F89607B04834}.Debug|x64.ActiveCfg = Debug|x64
		{96114179-BF59-4A20-9056-F89607B04834}.Debug|x64.Build.0 = Debug|x64
		{96114179-BF59-4A20-9056-F89607B04834}.Debug|x86.ActiveCfg = Debug|Win32
		{96114179-BF59-4A20-9056-F89607B04834}.Debug|x86.Build.0 = Debug|Win32
		{96114179-BF59-4A20-9056-F89607B04834}.Release|x64.ActiveCfg = Release|x64
		{96114179-BF59-4A20-9056-F89607B04834}.Release|x64.Build.0 = Release|x64
		{96114179-BF59-4A20-9056-F89607B04834}.Release|x86.ActiveCfg = Release|Win32
		{96114179-BF59-4A20-9056-F89607B04834}.Release|x86.Build.0 = Release|Win32
		{7DC58D4C-AEB8-4D00-9D26-3C1B29E223CF}.Debug|x64.ActiveCfg = Debug|x64
		{7DC58D4C-AEB8-4D00-9D26-3C1B29E223CF}.Debug|x64.Build.0 = Debug|x64
		{7DC58D4C-AEB8-4D00-9D26-3C1B29E223CF}.Debug|x86.ActiveCfg = Debug|Win32
		{7DC58D4C-AEB8-4D00-9D26-3C1B29E223CF}.Debug|x86.Build.0 = Debug|Win32
		{7DC58D4C-AEB8-4D00-9D26-3C1B29E223CF}.Release|x64.ActiveCfg = Release|x64
		{7DC58D4C-AEB8-4D00-9D26-3C1B29E223CF}.Release|x64.Build.0 = Release|x64
		{7DC58D4C-AEB8-4D00-9D26-3C1B29E223CF}.Release|x86.ActiveCfg = Release|Win32
		{7DC58D4C-AEB8-4D00-9D26-3C1B29E223CF}.Release|x86.Build.0 = Release|Win32
		{C2256A43-A9F6-4F27-8F63-BBCFBED91B6B}.Debug|x64.ActiveCfg = Debug|x64
		{C2256A43-A9F6-4F27-8F63-BBCFBED91B6B}.Debug|x64.Build.0 = Debug|x64
		{C2256A43-A9F6-4F27-8F63-BBCFBED91B6B}.Debug|x86.ActiveCfg = Debug|Win32
		{C2256A43-A9F6-4F27-8F63-BBCFBED91B6B}.Debug|x86.Build.0 = Debug|Win32
		{C2256A43-A9F6-4F27-8F63-BBCFBED91B6B}.Release|x64.ActiveCfg = Release|x64
		{C2256A43-A9F6-4F27-8F63-BBCFBED91B6B}.Release|x64.Build.0 = Release|x64
		{C2256A43-A9F6-4F27-8F63-BBCFBED91B6B}.Release|x86.ActiveCfg = Release|Win32
		{C2256A43-A9F6-4F27-8F63-BBCFBED91B6B}.Release|x86.Build.0 = Release|Win32
	EndGlobalSection
	GlobalSection(SolutionProperties) = preSolution
		HideSolutionNode = FALSE
	EndGlobalSection
	GlobalSection(ExtensibilityGlobals) = postSolution
		SolutionGuid = {EA865919-4D45-4C64-AD1F-07A89DC0C4AD}
	EndGlobalSection
EndGlobal
