<?xml version="1.0" encoding="utf-8"?>
<Project ToolsVersion="4.0" xmlns="http://schemas.microsoft.com/developer/msbuild/2003">
  <ItemGroup>
    <Filter Include="Source Files">
      <UniqueIdentifier>{4FC737F1-C7A5-4376-A066-2A32D752A2FF}</UniqueIdentifier>
      <Extensions>cpp;c;cc;cxx;def;odl;idl;hpj;bat;asm;asmx</Extensions>
    </Filter>
    <Filter Include="Header Files">
      <UniqueIdentifier>{93995380-89BD-4b04-88EB-625FBE52EBFB}</UniqueIdentifier>
      <Extensions>h;hh;hpp;hxx;hm;inl;inc;ipp;xsd</Extensions>
    </Filter>
    <Filter Include="Resource Files">
      <UniqueIdentifier>{67DA6AB6-F800-4c08-8B7A-83BB121AAD01}</UniqueIdentifier>
      <Extensions>rc;ico;cur;bmp;dlg;rc2;rct;bin;rgs;gif;jpg;jpeg;jpe;resx;tiff;tif;png;wav;mfcribbon-ms</Extensions>
    </Filter>
    <Filter Include="Header Files\Core">
      <UniqueIdentifier>{43531a59-2cd2-458d-b380-d30c53af98cc}</UniqueIdentifier>
    </Filter>
    <Filter Include="Source Files\Core">
      <UniqueIdentifier>{1ffc2893-9d9c-46f4-a88f-d224e4e9576c}</UniqueIdentifier>
    </Filter>
    <Filter Include="Shaders">
      <UniqueIdentifier>{40b7cc6d-2282-4cca-9419-a980fe89844f}</UniqueIdentifier>
    </Filter>
    <Filter Include="Shaders\Deferred">
      <UniqueIdentifier>{32a69fea-39ee-4e3e-825f-921993e96633}</UniqueIdentifier>
    </Filter>
    <Filter Include="Shaders\Skybox">
      <UniqueIdentifier>{60d8e458-258e-4aa1-a625-db4e871032c2}</UniqueIdentifier>
    </Filter>
    <Filter Include="Shaders\SunRays">
      <UniqueIdentifier>{fa977453-3da6-444d-926e-eb24def36185}</UniqueIdentifier>
    </Filter>
    <Filter Include="Shaders\DepthOfField">
      <UniqueIdentifier>{b9000d03-124c-450a-9323-0d2e05223b6a}</UniqueIdentifier>
    </Filter>
    <Filter Include="Shaders\PostProcessCommon">
      <UniqueIdentifier>{b8f852f7-6e6f-41e4-aab6-34a3e2fa2812}</UniqueIdentifier>
    </Filter>
    <Filter Include="Shaders\Shadows">
      <UniqueIdentifier>{b761ac17-5b36-4fc4-a7d4-d66c6a04c211}</UniqueIdentifier>
    </Filter>
    <Filter Include="Shaders\Common">
      <UniqueIdentifier>{d992bc4f-1ea8-46d2-b04a-5893870b06a4}</UniqueIdentifier>
    </Filter>
    <Filter Include="Header Files\PostProcess">
      <UniqueIdentifier>{38924cf3-2b96-46c4-b7dd-83b00d2908fb}</UniqueIdentifier>
    </Filter>
    <Filter Include="Source Files\PostProcess">
      <UniqueIdentifier>{ff2c0404-0b0b-45c0-b8f1-aa98d621e2ff}</UniqueIdentifier>
    </Filter>
  </ItemGroup>
  <ItemGroup>
    <ClCompile Include="Main.cpp">
      <Filter>Source Files</Filter>
    </ClCompile>
    <ClCompile Include="Core\Core.cpp">
      <Filter>Source Files\Core</Filter>
    </ClCompile>
    <ClCompile Include="stdafx.cpp">
      <Filter>Source Files</Filter>
    </ClCompile>
    <ClCompile Include="Core\Mesh.cpp">
      <Filter>Source Files\Core</Filter>
    </ClCompile>
    <ClCompile Include="Core\Entity.cpp">
      <Filter>Source Files\Core</Filter>
    </ClCompile>
    <ClCompile Include="Core\Camera.cpp">
      <Filter>Source Files\Core</Filter>
    </ClCompile>
    <ClCompile Include="Core\DeferredRenderer.cpp">
      <Filter>Source Files\Core</Filter>
    </ClCompile>
    <ClCompile Include="Core\ShaderManager.cpp">
      <Filter>Source Files\Core</Filter>
    </ClCompile>
    <ClCompile Include="Game.cpp">
      <Filter>Source Files\Core</Filter>
    </ClCompile>
    <ClCompile Include="Material.cpp">
      <Filter>Source Files\Core</Filter>
    </ClCompile>
    <ClCompile Include="Texture.cpp">
      <Filter>Source Files\Core</Filter>
    </ClCompile>
    <ClCompile Include="ComputeProcess.cpp">
      <Filter>Source Files</Filter>
    </ClCompile>
    <ClCompile Include="TexturePool.cpp">
      <Filter>Source Files</Filter>
    </ClCompile>
    <ClCompile Include="BlurFilter.cpp">
      <Filter>Source Files\PostProcess</Filter>
    </ClCompile>
    <ClCompile Include="DepthOfFieldPass.cpp">
      <Filter>Source Files\PostProcess</Filter>
    </ClCompile>
    <ClCompile Include="EdgeFilter.cpp">
      <Filter>Source Files\PostProcess</Filter>
    </ClCompile>
    <ClCompile Include="SunRaysPass.cpp">
      <Filter>Source Files\PostProcess</Filter>
    </ClCompile>
    <ClCompile Include="ComputeCore.cpp">
      <Filter>Source Files\Core</Filter>
    </ClCompile>
    <ClCompile Include="CompositeTextures.cpp">
      <Filter>Source Files\PostProcess</Filter>
    </ClCompile>
  </ItemGroup>
  <ItemGroup>
    <ClInclude Include="stdafx.h">
      <Filter>Header Files</Filter>
    </ClInclude>
    <ClInclude Include="d3dx12.h">
      <Filter>Header Files</Filter>
    </ClInclude>
    <ClInclude Include="Core\Core.h">
      <Filter>Header Files\Core</Filter>
    </ClInclude>
    <ClInclude Include="Core\Vertex.h">
      <Filter>Header Files\Core</Filter>
    </ClInclude>
    <ClInclude Include="Core\ConstantBuffer.h">
      <Filter>Header Files\Core</Filter>
    </ClInclude>
    <ClInclude Include="Core\ImageHelpers.h">
      <Filter>Header Files\Core</Filter>
    </ClInclude>
    <ClInclude Include="Core\Mesh.h">
      <Filter>Header Files\Core</Filter>
    </ClInclude>
    <ClInclude Include="Core\Entity.h">
      <Filter>Header Files\Core</Filter>
    </ClInclude>
    <ClInclude Include="Core\Camera.h">
      <Filter>Header Files\Core</Filter>
    </ClInclude>
    <ClInclude Include="Core\Light.h">
      <Filter>Header Files\Core</Filter>
    </ClInclude>
    <ClInclude Include="Core\DeferredRenderer.h">
      <Filter>Header Files\Core</Filter>
    </ClInclude>
    <ClInclude Include="Core\ShaderManager.h">
      <Filter>Header Files\Core</Filter>
    </ClInclude>
    <ClInclude Include="DirectXHelper.h">
      <Filter>Header Files</Filter>
    </ClInclude>
    <ClInclude Include="Game.h">
      <Filter>Header Files\Core</Filter>
    </ClInclude>
    <ClInclude Include="Material.h">
      <Filter>Header Files\Core</Filter>
    </ClInclude>
    <ClInclude Include="Texture.h">
      <Filter>Header Files\Core</Filter>
    </ClInclude>
    <ClInclude Include="ComputeProcess.h">
      <Filter>Header Files</Filter>
    </ClInclude>
    <ClInclude Include="ComputeCore.h">
      <Filter>Header Files\Core</Filter>
    </ClInclude>
    <ClInclude Include="TexturePool.h">
      <Filter>Header Files</Filter>
    </ClInclude>
    <ClInclude Include="BlurFilter.h">
      <Filter>Header Files\PostProcess</Filter>
    </ClInclude>
    <ClInclude Include="DepthOfFieldPass.h">
      <Filter>Header Files\PostProcess</Filter>
    </ClInclude>
    <ClInclude Include="SunRaysPass.h">
      <Filter>Header Files\PostProcess</Filter>
    </ClInclude>
    <ClInclude Include="EdgeFilter.h">
      <Filter>Header Files\PostProcess</Filter>
    </ClInclude>
    <ClInclude Include="CompositeTextures.h">
      <Filter>Header Files\PostProcess</Filter>
    </ClInclude>
  </ItemGroup>
  <ItemGroup>
    <FxCompile Include="BlurHorizontalCS.hlsl">
      <Filter>Shaders\DepthOfField</Filter>
    </FxCompile>
    <FxCompile Include="BlurVerticalCS.hlsl">
      <Filter>Shaders\DepthOfField</Filter>
    </FxCompile>
    <FxCompile Include="ComputeCS.hlsl">
      <Filter>Shaders\DepthOfField</Filter>
    </FxCompile>
    <FxCompile Include="DepthOfFieldCS.hlsl">
      <Filter>Shaders\DepthOfField</Filter>
    </FxCompile>
    <FxCompile Include="LightPassPS.hlsl">
      <Filter>Shaders\Deferred</Filter>
    </FxCompile>
    <FxCompile Include="Shaders\DefaultPS.hlsl">
      <Filter>Shaders\Deferred</Filter>
    </FxCompile>
    <FxCompile Include="LightShapePassPS.hlsl">
      <Filter>Shaders\Deferred</Filter>
    </FxCompile>
    <FxCompile Include="LightShapeVS.hlsl">
      <Filter>Shaders\Deferred</Filter>
    </FxCompile>
    <FxCompile Include="DeferredPS.hlsl">
      <Filter>Shaders\Deferred</Filter>
    </FxCompile>
    <FxCompile Include="SkyboxPS.hlsl">
      <Filter>Shaders\Skybox</Filter>
    </FxCompile>
    <FxCompile Include="SkyboxVS.hlsl">
      <Filter>Shaders\Skybox</Filter>
    </FxCompile>
    <FxCompile Include="SunRaysCS.hlsl">
      <Filter>Shaders\SunRays</Filter>
    </FxCompile>
    <FxCompile Include="SunRaysPS.hlsl">
      <Filter>Shaders\SunRays</Filter>
    </FxCompile>
    <FxCompile Include="OcclusionPassCS.hlsl">
      <Filter>Shaders\SunRays</Filter>
    </FxCompile>
    <FxCompile Include="CompositeRaysCS.hlsl">
      <Filter>Shaders\SunRays</Filter>
    </FxCompile>
    <FxCompile Include="ScreenQuadPS.hlsl">
      <Filter>Shaders\PostProcessCommon</Filter>
    </FxCompile>
    <FxCompile Include="ScreenQuadVS.hlsl">
      <Filter>Shaders\PostProcessCommon</Filter>
    </FxCompile>
    <FxCompile Include="PrefilterEnvMapPS.hlsl">
      <Filter>Shaders\Deferred</Filter>
    </FxCompile>
    <FxCompile Include="Shaders\DefaultVS.hlsl">
      <Filter>Shaders\Deferred</Filter>
    </FxCompile>
    <FxCompile Include="ShadowVS.hlsl">
      <Filter>Shaders\Shadows</Filter>
    </FxCompile>
    <FxCompile Include="DepthOnlyVS.hlsl">
      <Filter>Shaders\Common</Filter>
    </FxCompile>
    <FxCompile Include="MaxDepthVS.hlsl">
      <Filter>Shaders\Common</Filter>
    </FxCompile>
    <FxCompile Include="SelectionPS.hlsl">
      <Filter>Shaders\Common</Filter>
    </FxCompile>
    <FxCompile Include="CompositeCS.hlsl">
      <Filter>Shaders\Common</Filter>
    </FxCompile>
    <FxCompile Include="EdgeDetectionCS.hlsl">
      <Filter>Shaders\Common</Filter>
    </FxCompile>
    <FxCompile Include="ShadowGS.hlsl">
      <Filter>Shaders\Shadows</Filter>
    </FxCompile>
  </ItemGroup>
  <ItemGroup>
    <None Include="packages.config" />
    <None Include="Lighting.hlsli">
      <Filter>Shaders\Deferred</Filter>
    </None>
  </ItemGroup>
</Project>